// !$*UTF8*$!
{
	archiveVersion = 1;
	classes = {
	};
	objectVersion = 50;
	objects = {

/* Begin PBXBuildFile section */
		2BFF7E372503AAC900F03B6C /* AppDelegate.swift in Sources */ = {isa = PBXBuildFile; fileRef = 2BFF7E362503AAC900F03B6C /* AppDelegate.swift */; };
		2BFF7E392503AAC900F03B6C /* SceneDelegate.swift in Sources */ = {isa = PBXBuildFile; fileRef = 2BFF7E382503AAC900F03B6C /* SceneDelegate.swift */; };
		2BFF7E3B2503AAC900F03B6C /* ViewController.swift in Sources */ = {isa = PBXBuildFile; fileRef = 2BFF7E3A2503AAC900F03B6C /* ViewController.swift */; };
		2BFF7E3E2503AAC900F03B6C /* Main.storyboard in Resources */ = {isa = PBXBuildFile; fileRef = 2BFF7E3C2503AAC900F03B6C /* Main.storyboard */; };
		2BFF7E412503AAC900F03B6C /* CoreDataTut.xcdatamodeld in Sources */ = {isa = PBXBuildFile; fileRef = 2BFF7E3F2503AAC900F03B6C /* CoreDataTut.xcdatamodeld */; };
		2BFF7E432503AACA00F03B6C /* Assets.xcassets in Resources */ = {isa = PBXBuildFile; fileRef = 2BFF7E422503AACA00F03B6C /* Assets.xcassets */; };
		2BFF7E462503AACA00F03B6C /* LaunchScreen.storyboard in Resources */ = {isa = PBXBuildFile; fileRef = 2BFF7E442503AACA00F03B6C /* LaunchScreen.storyboard */; };
		2BFF7E502503B6A700F03B6C /* PersistenceCoordinator.swift in Sources */ = {isa = PBXBuildFile; fileRef = 2BFF7E4F2503B6A700F03B6C /* PersistenceCoordinator.swift */; };
		2BFF7E582503BBB700F03B6C /* PersistenceCoordinatorTests.swift in Sources */ = {isa = PBXBuildFile; fileRef = 2BFF7E572503BBB700F03B6C /* PersistenceCoordinatorTests.swift */; };
		2BFF7E5F2503BBE300F03B6C /* CoreDataTut.xcdatamodeld in Sources */ = {isa = PBXBuildFile; fileRef = 2BFF7E3F2503AAC900F03B6C /* CoreDataTut.xcdatamodeld */; };
		2BFF7E602503C60400F03B6C /* PersistenceCoordinator.swift in Sources */ = {isa = PBXBuildFile; fileRef = 2BFF7E4F2503B6A700F03B6C /* PersistenceCoordinator.swift */; };
/* End PBXBuildFile section */

/* Begin PBXContainerItemProxy section */
		2BFF7E5A2503BBB700F03B6C /* PBXContainerItemProxy */ = {
			isa = PBXContainerItemProxy;
			containerPortal = 2BFF7E2B2503AAC900F03B6C /* Project object */;
			proxyType = 1;
			remoteGlobalIDString = 2BFF7E322503AAC900F03B6C;
			remoteInfo = CoreDataTut;
		};
/* End PBXContainerItemProxy section */

/* Begin PBXFileReference section */
		2BFF7E332503AAC900F03B6C /* CoreDataTut.app */ = {isa = PBXFileReference; explicitFileType = wrapper.application; includeInIndex = 0; path = CoreDataTut.app; sourceTree = BUILT_PRODUCTS_DIR; };
		2BFF7E362503AAC900F03B6C /* AppDelegate.swift */ = {isa = PBXFileReference; lastKnownFileType = sourcecode.swift; path = AppDelegate.swift; sourceTree = "<group>"; };
		2BFF7E382503AAC900F03B6C /* SceneDelegate.swift */ = {isa = PBXFileReference; lastKnownFileType = sourcecode.swift; path = SceneDelegate.swift; sourceTree = "<group>"; };
		2BFF7E3A2503AAC900F03B6C /* ViewController.swift */ = {isa = PBXFileReference; lastKnownFileType = sourcecode.swift; path = ViewController.swift; sourceTree = "<group>"; };
		2BFF7E3D2503AAC900F03B6C /* Base */ = {isa = PBXFileReference; lastKnownFileType = file.storyboard; name = Base; path = Base.lproj/Main.storyboard; sourceTree = "<group>"; };
		2BFF7E402503AAC900F03B6C /* CoreDataTut.xcdatamodel */ = {isa = PBXFileReference; lastKnownFileType = wrapper.xcdatamodel; path = CoreDataTut.xcdatamodel; sourceTree = "<group>"; };
		2BFF7E422503AACA00F03B6C /* Assets.xcassets */ = {isa = PBXFileReference; lastKnownFileType = folder.assetcatalog; path = Assets.xcassets; sourceTree = "<group>"; };
		2BFF7E452503AACA00F03B6C /* Base */ = {isa = PBXFileReference; lastKnownFileType = file.storyboard; name = Base; path = Base.lproj/LaunchScreen.storyboard; sourceTree = "<group>"; };
		2BFF7E472503AACA00F03B6C /* Info.plist */ = {isa = PBXFileReference; lastKnownFileType = text.plist.xml; path = Info.plist; sourceTree = "<group>"; };
		2BFF7E4F2503B6A700F03B6C /* PersistenceCoordinator.swift */ = {isa = PBXFileReference; lastKnownFileType = sourcecode.swift; path = PersistenceCoordinator.swift; sourceTree = "<group>"; };
		2BFF7E552503BBB700F03B6C /* PersistenceCoordinatorTests.xctest */ = {isa = PBXFileReference; explicitFileType = wrapper.cfbundle; includeInIndex = 0; path = PersistenceCoordinatorTests.xctest; sourceTree = BUILT_PRODUCTS_DIR; };
		2BFF7E572503BBB700F03B6C /* PersistenceCoordinatorTests.swift */ = {isa = PBXFileReference; lastKnownFileType = sourcecode.swift; path = PersistenceCoordinatorTests.swift; sourceTree = "<group>"; };
		2BFF7E592503BBB700F03B6C /* Info.plist */ = {isa = PBXFileReference; lastKnownFileType = text.plist.xml; path = Info.plist; sourceTree = "<group>"; };
/* End PBXFileReference section */

/* Begin PBXFrameworksBuildPhase section */
		2BFF7E302503AAC900F03B6C /* Frameworks */ = {
			isa = PBXFrameworksBuildPhase;
			buildActionMask = 2147483647;
			files = (
			);
			runOnlyForDeploymentPostprocessing = 0;
		};
		2BFF7E522503BBB700F03B6C /* Frameworks */ = {
			isa = PBXFrameworksBuildPhase;
			buildActionMask = 2147483647;
			files = (
			);
			runOnlyForDeploymentPostprocessing = 0;
		};
/* End PBXFrameworksBuildPhase section */

/* Begin PBXGroup section */
		2BFF7E2A2503AAC900F03B6C = {
			isa = PBXGroup;
			children = (
				2BFF7E352503AAC900F03B6C /* CoreDataTut */,
				2BFF7E562503BBB700F03B6C /* PersistenceCoordinatorTests */,
				2BFF7E342503AAC900F03B6C /* Products */,
			);
			sourceTree = "<group>";
		};
		2BFF7E342503AAC900F03B6C /* Products */ = {
			isa = PBXGroup;
			children = (
				2BFF7E332503AAC900F03B6C /* CoreDataTut.app */,
				2BFF7E552503BBB700F03B6C /* PersistenceCoordinatorTests.xctest */,
			);
			name = Products;
			sourceTree = "<group>";
		};
		2BFF7E352503AAC900F03B6C /* CoreDataTut */ = {
			isa = PBXGroup;
			children = (
				2BFF7E4E2503B67900F03B6C /* Persistence */,
				2BFF7E362503AAC900F03B6C /* AppDelegate.swift */,
				2BFF7E382503AAC900F03B6C /* SceneDelegate.swift */,
				2BFF7E3A2503AAC900F03B6C /* ViewController.swift */,
				2BFF7E3C2503AAC900F03B6C /* Main.storyboard */,
				2BFF7E422503AACA00F03B6C /* Assets.xcassets */,
				2BFF7E442503AACA00F03B6C /* LaunchScreen.storyboard */,
				2BFF7E472503AACA00F03B6C /* Info.plist */,
				2BFF7E3F2503AAC900F03B6C /* CoreDataTut.xcdatamodeld */,
			);
			path = CoreDataTut;
			sourceTree = "<group>";
		};
		2BFF7E4E2503B67900F03B6C /* Persistence */ = {
			isa = PBXGroup;
			children = (
				2BFF7E4F2503B6A700F03B6C /* PersistenceCoordinator.swift */,
			);
			path = Persistence;
			sourceTree = "<group>";
		};
		2BFF7E562503BBB700F03B6C /* PersistenceCoordinatorTests */ = {
			isa = PBXGroup;
			children = (
				2BFF7E572503BBB700F03B6C /* PersistenceCoordinatorTests.swift */,
				2BFF7E592503BBB700F03B6C /* Info.plist */,
			);
			path = PersistenceCoordinatorTests;
			sourceTree = "<group>";
		};
/* End PBXGroup section */

/* Begin PBXNativeTarget section */
		2BFF7E322503AAC900F03B6C /* CoreDataTut */ = {
			isa = PBXNativeTarget;
			buildConfigurationList = 2BFF7E4A2503AACA00F03B6C /* Build configuration list for PBXNativeTarget "CoreDataTut" */;
			buildPhases = (
				2BFF7E2F2503AAC900F03B6C /* Sources */,
				2BFF7E302503AAC900F03B6C /* Frameworks */,
				2BFF7E312503AAC900F03B6C /* Resources */,
			);
			buildRules = (
			);
			dependencies = (
			);
			name = CoreDataTut;
			productName = CoreDataTut;
			productReference = 2BFF7E332503AAC900F03B6C /* CoreDataTut.app */;
			productType = "com.apple.product-type.application";
		};
		2BFF7E542503BBB700F03B6C /* PersistenceCoordinatorTests */ = {
			isa = PBXNativeTarget;
			buildConfigurationList = 2BFF7E5C2503BBB700F03B6C /* Build configuration list for PBXNativeTarget "PersistenceCoordinatorTests" */;
			buildPhases = (
				2BFF7E512503BBB700F03B6C /* Sources */,
				2BFF7E522503BBB700F03B6C /* Frameworks */,
				2BFF7E532503BBB700F03B6C /* Resources */,
			);
			buildRules = (
			);
			dependencies = (
				2BFF7E5B2503BBB700F03B6C /* PBXTargetDependency */,
			);
			name = PersistenceCoordinatorTests;
			productName = PersistenceCoordinatorTests;
			productReference = 2BFF7E552503BBB700F03B6C /* PersistenceCoordinatorTests.xctest */;
			productType = "com.apple.product-type.bundle.unit-test";
		};
/* End PBXNativeTarget section */

/* Begin PBXProject section */
		2BFF7E2B2503AAC900F03B6C /* Project object */ = {
			isa = PBXProject;
			attributes = {
				LastSwiftUpdateCheck = 1170;
				LastUpgradeCheck = 1170;
				ORGANIZATIONNAME = "Pieter Bikkel";
				TargetAttributes = {
					2BFF7E322503AAC900F03B6C = {
						CreatedOnToolsVersion = 11.7;
					};
					2BFF7E542503BBB700F03B6C = {
						CreatedOnToolsVersion = 11.7;
						TestTargetID = 2BFF7E322503AAC900F03B6C;
					};
				};
			};
			buildConfigurationList = 2BFF7E2E2503AAC900F03B6C /* Build configuration list for PBXProject "CoreDataTut" */;
			compatibilityVersion = "Xcode 9.3";
			developmentRegion = en;
			hasScannedForEncodings = 0;
			knownRegions = (
				en,
				Base,
			);
			mainGroup = 2BFF7E2A2503AAC900F03B6C;
			productRefGroup = 2BFF7E342503AAC900F03B6C /* Products */;
			projectDirPath = "";
			projectRoot = "";
			targets = (
				2BFF7E322503AAC900F03B6C /* CoreDataTut */,
				2BFF7E542503BBB700F03B6C /* PersistenceCoordinatorTests */,
			);
		};
/* End PBXProject section */

/* Begin PBXResourcesBuildPhase section */
		2BFF7E312503AAC900F03B6C /* Resources */ = {
			isa = PBXResourcesBuildPhase;
			buildActionMask = 2147483647;
			files = (
				2BFF7E462503AACA00F03B6C /* LaunchScreen.storyboard in Resources */,
				2BFF7E432503AACA00F03B6C /* Assets.xcassets in Resources */,
				2BFF7E3E2503AAC900F03B6C /* Main.storyboard in Resources */,
			);
			runOnlyForDeploymentPostprocessing = 0;
		};
		2BFF7E532503BBB700F03B6C /* Resources */ = {
			isa = PBXResourcesBuildPhase;
			buildActionMask = 2147483647;
			files = (
			);
			runOnlyForDeploymentPostprocessing = 0;
		};
/* End PBXResourcesBuildPhase section */

/* Begin PBXSourcesBuildPhase section */
		2BFF7E2F2503AAC900F03B6C /* Sources */ = {
			isa = PBXSourcesBuildPhase;
			buildActionMask = 2147483647;
			files = (
				2BFF7E502503B6A700F03B6C /* PersistenceCoordinator.swift in Sources */,
				2BFF7E412503AAC900F03B6C /* CoreDataTut.xcdatamodeld in Sources */,
				2BFF7E3B2503AAC900F03B6C /* ViewController.swift in Sources */,
				2BFF7E372503AAC900F03B6C /* AppDelegate.swift in Sources */,
				2BFF7E392503AAC900F03B6C /* SceneDelegate.swift in Sources */,
			);
			runOnlyForDeploymentPostprocessing = 0;
		};
		2BFF7E512503BBB700F03B6C /* Sources */ = {
			isa = PBXSourcesBuildPhase;
			buildActionMask = 2147483647;
			files = (
				2BFF7E602503C60400F03B6C /* PersistenceCoordinator.swift in Sources */,
				2BFF7E5F2503BBE300F03B6C /* CoreDataTut.xcdatamodeld in Sources */,
				2BFF7E582503BBB700F03B6C /* PersistenceCoordinatorTests.swift in Sources */,
			);
			runOnlyForDeploymentPostprocessing = 0;
		};
/* End PBXSourcesBuildPhase section */

/* Begin PBXTargetDependency section */
		2BFF7E5B2503BBB700F03B6C /* PBXTargetDependency */ = {
			isa = PBXTargetDependency;
			target = 2BFF7E322503AAC900F03B6C /* CoreDataTut */;
			targetProxy = 2BFF7E5A2503BBB700F03B6C /* PBXContainerItemProxy */;
		};
/* End PBXTargetDependency section */

/* Begin PBXVariantGroup section */
		2BFF7E3C2503AAC900F03B6C /* Main.storyboard */ = {
			isa = PBXVariantGroup;
			children = (
				2BFF7E3D2503AAC900F03B6C /* Base */,
			);
			name = Main.storyboard;
			sourceTree = "<group>";
		};
		2BFF7E442503AACA00F03B6C /* LaunchScreen.storyboard */ = {
			isa = PBXVariantGroup;
			children = (
				2BFF7E452503AACA00F03B6C /* Base */,
			);
			name = LaunchScreen.storyboard;
			sourceTree = "<group>";
		};
/* End PBXVariantGroup section */

/* Begin XCBuildConfiguration section */
		2BFF7E482503AACA00F03B6C /* Debug */ = {
			isa = XCBuildConfiguration;
			buildSettings = {
				ALWAYS_SEARCH_USER_PATHS = NO;
				CLANG_ANALYZER_NONNULL = YES;
				CLANG_ANALYZER_NUMBER_OBJECT_CONVERSION = YES_AGGRESSIVE;
				CLANG_CXX_LANGUAGE_STANDARD = "gnu++14";
				CLANG_CXX_LIBRARY = "libc++";
				CLANG_ENABLE_MODULES = YES;
				CLANG_ENABLE_OBJC_ARC = YES;
				CLANG_ENABLE_OBJC_WEAK = YES;
				CLANG_WARN_BLOCK_CAPTURE_AUTORELEASING = YES;
				CLANG_WARN_BOOL_CONVERSION = YES;
				CLANG_WARN_COMMA = YES;
				CLANG_WARN_CONSTANT_CONVERSION = YES;
				CLANG_WARN_DEPRECATED_OBJC_IMPLEMENTATIONS = YES;
				CLANG_WARN_DIRECT_OBJC_ISA_USAGE = YES_ERROR;
				CLANG_WARN_DOCUMENTATION_COMMENTS = YES;
				CLANG_WARN_EMPTY_BODY = YES;
				CLANG_WARN_ENUM_CONVERSION = YES;
				CLANG_WARN_INFINITE_RECURSION = YES;
				CLANG_WARN_INT_CONVERSION = YES;
				CLANG_WARN_NON_LITERAL_NULL_CONVERSION = YES;
				CLANG_WARN_OBJC_IMPLICIT_RETAIN_SELF = YES;
				CLANG_WARN_OBJC_LITERAL_CONVERSION = YES;
				CLANG_WARN_OBJC_ROOT_CLASS = YES_ERROR;
				CLANG_WARN_RANGE_LOOP_ANALYSIS = YES;
				CLANG_WARN_STRICT_PROTOTYPES = YES;
				CLANG_WARN_SUSPICIOUS_MOVE = YES;
				CLANG_WARN_UNGUARDED_AVAILABILITY = YES_AGGRESSIVE;
				CLANG_WARN_UNREACHABLE_CODE = YES;
				CLANG_WARN__DUPLICATE_METHOD_MATCH = YES;
				COPY_PHASE_STRIP = NO;
				DEBUG_INFORMATION_FORMAT = dwarf;
				ENABLE_STRICT_OBJC_MSGSEND = YES;
				ENABLE_TESTABILITY = YES;
				GCC_C_LANGUAGE_STANDARD = gnu11;
				GCC_DYNAMIC_NO_PIC = NO;
				GCC_NO_COMMON_BLOCKS = YES;
				GCC_OPTIMIZATION_LEVEL = 0;
				GCC_PREPROCESSOR_DEFINITIONS = (
					"DEBUG=1",
					"$(inherited)",
				);
				GCC_WARN_64_TO_32_BIT_CONVERSION = YES;
				GCC_WARN_ABOUT_RETURN_TYPE = YES_ERROR;
				GCC_WARN_UNDECLARED_SELECTOR = YES;
				GCC_WARN_UNINITIALIZED_AUTOS = YES_AGGRESSIVE;
				GCC_WARN_UNUSED_FUNCTION = YES;
				GCC_WARN_UNUSED_VARIABLE = YES;
				IPHONEOS_DEPLOYMENT_TARGET = 13.7;
				MTL_ENABLE_DEBUG_INFO = INCLUDE_SOURCE;
				MTL_FAST_MATH = YES;
				ONLY_ACTIVE_ARCH = YES;
				SDKROOT = iphoneos;
				SWIFT_ACTIVE_COMPILATION_CONDITIONS = DEBUG;
				SWIFT_OPTIMIZATION_LEVEL = "-Onone";
			};
			name = Debug;
		};
		2BFF7E492503AACA00F03B6C /* Release */ = {
			isa = XCBuildConfiguration;
			buildSettings = {
				ALWAYS_SEARCH_USER_PATHS = NO;
				CLANG_ANALYZER_NONNULL = YES;
				CLANG_ANALYZER_NUMBER_OBJECT_CONVERSION = YES_AGGRESSIVE;
				CLANG_CXX_LANGUAGE_STANDARD = "gnu++14";
				CLANG_CXX_LIBRARY = "libc++";
				CLANG_ENABLE_MODULES = YES;
				CLANG_ENABLE_OBJC_ARC = YES;
				CLANG_ENABLE_OBJC_WEAK = YES;
				CLANG_WARN_BLOCK_CAPTURE_AUTORELEASING = YES;
				CLANG_WARN_BOOL_CONVERSION = YES;
				CLANG_WARN_COMMA = YES;
				CLANG_WARN_CONSTANT_CONVERSION = YES;
				CLANG_WARN_DEPRECATED_OBJC_IMPLEMENTATIONS = YES;
				CLANG_WARN_DIRECT_OBJC_ISA_USAGE = YES_ERROR;
				CLANG_WARN_DOCUMENTATION_COMMENTS = YES;
				CLANG_WARN_EMPTY_BODY = YES;
				CLANG_WARN_ENUM_CONVERSION = YES;
				CLANG_WARN_INFINITE_RECURSION = YES;
				CLANG_WARN_INT_CONVERSION = YES;
				CLANG_WARN_NON_LITERAL_NULL_CONVERSION = YES;
				CLANG_WARN_OBJC_IMPLICIT_RETAIN_SELF = YES;
				CLANG_WARN_OBJC_LITERAL_CONVERSION = YES;
				CLANG_WARN_OBJC_ROOT_CLASS = YES_ERROR;
				CLANG_WARN_RANGE_LOOP_ANALYSIS = YES;
				CLANG_WARN_STRICT_PROTOTYPES = YES;
				CLANG_WARN_SUSPICIOUS_MOVE = YES;
				CLANG_WARN_UNGUARDED_AVAILABILITY = YES_AGGRESSIVE;
				CLANG_WARN_UNREACHABLE_CODE = YES;
				CLANG_WARN__DUPLICATE_METHOD_MATCH = YES;
				COPY_PHASE_STRIP = NO;
				DEBUG_INFORMATION_FORMAT = "dwarf-with-dsym";
				ENABLE_NS_ASSERTIONS = NO;
				ENABLE_STRICT_OBJC_MSGSEND = YES;
				GCC_C_LANGUAGE_STANDARD = gnu11;
				GCC_NO_COMMON_BLOCKS = YES;
				GCC_WARN_64_TO_32_BIT_CONVERSION = YES;
				GCC_WARN_ABOUT_RETURN_TYPE = YES_ERROR;
				GCC_WARN_UNDECLARED_SELECTOR = YES;
				GCC_WARN_UNINITIALIZED_AUTOS = YES_AGGRESSIVE;
				GCC_WARN_UNUSED_FUNCTION = YES;
				GCC_WARN_UNUSED_VARIABLE = YES;
				IPHONEOS_DEPLOYMENT_TARGET = 13.7;
				MTL_ENABLE_DEBUG_INFO = NO;
				MTL_FAST_MATH = YES;
				SDKROOT = iphoneos;
				SWIFT_COMPILATION_MODE = wholemodule;
				SWIFT_OPTIMIZATION_LEVEL = "-O";
				VALIDATE_PRODUCT = YES;
			};
			name = Release;
		};
		2BFF7E4B2503AACA00F03B6C /* Debug */ = {
			isa = XCBuildConfiguration;
			buildSettings = {
				ASSETCATALOG_COMPILER_APPICON_NAME = AppIcon;
				CODE_SIGN_STYLE = Automatic;
				DEVELOPMENT_TEAM = KB7MXFML57;
				INFOPLIST_FILE = CoreDataTut/Info.plist;
				LD_RUNPATH_SEARCH_PATHS = (
					"$(inherited)",
					"@executable_path/Frameworks",
				);
				PRODUCT_BUNDLE_IDENTIFIER = com.pieterbikkel.CoreDataTut;
				PRODUCT_NAME = "$(TARGET_NAME)";
				SWIFT_VERSION = 5.0;
				TARGETED_DEVICE_FAMILY = "1,2";
			};
			name = Debug;
		};
		2BFF7E4C2503AACA00F03B6C /* Release */ = {
			isa = XCBuildConfiguration;
			buildSettings = {
				ASSETCATALOG_COMPILER_APPICON_NAME = AppIcon;
				CODE_SIGN_STYLE = Automatic;
				DEVELOPMENT_TEAM = KB7MXFML57;
				INFOPLIST_FILE = CoreDataTut/Info.plist;
				LD_RUNPATH_SEARCH_PATHS = (
					"$(inherited)",
					"@executable_path/Frameworks",
				);
				PRODUCT_BUNDLE_IDENTIFIER = com.pieterbikkel.CoreDataTut;
				PRODUCT_NAME = "$(TARGET_NAME)";
				SWIFT_VERSION = 5.0;
				TARGETED_DEVICE_FAMILY = "1,2";
			};
			name = Release;
		};
		2BFF7E5D2503BBB700F03B6C /* Debug */ = {
			isa = XCBuildConfiguration;
			buildSettings = {
				BUNDLE_LOADER = "$(TEST_HOST)";
				CODE_SIGN_STYLE = Automatic;
				DEVELOPMENT_TEAM = KB7MXFML57;
				INFOPLIST_FILE = PersistenceCoordinatorTests/Info.plist;
				LD_RUNPATH_SEARCH_PATHS = (
					"$(inherited)",
					"@executable_path/Frameworks",
					"@loader_path/Frameworks",
				);
				PRODUCT_BUNDLE_IDENTIFIER = com.pieterbikkel.PersistenceCoordinatorTests;
				PRODUCT_NAME = "$(TARGET_NAME)";
				SWIFT_VERSION = 5.0;
				TARGETED_DEVICE_FAMILY = "1,2";
				TEST_HOST = "$(BUILT_PRODUCTS_DIR)/CoreDataTut.app/CoreDataTut";
			};
			name = Debug;
		};
		2BFF7E5E2503BBB700F03B6C /* Release */ = {
			isa = XCBuildConfiguration;
			buildSettings = {
				BUNDLE_LOADER = "$(TEST_HOST)";
				CODE_SIGN_STYLE = Automatic;
				DEVELOPMENT_TEAM = KB7MXFML57;
				INFOPLIST_FILE = PersistenceCoordinatorTests/Info.plist;
				LD_RUNPATH_SEARCH_PATHS = (
					"$(inherited)",
					"@executable_path/Frameworks",
					"@loader_path/Frameworks",
				);
				PRODUCT_BUNDLE_IDENTIFIER = com.pieterbikkel.PersistenceCoordinatorTests;
				PRODUCT_NAME = "$(TARGET_NAME)";
				SWIFT_VERSION = 5.0;
				TARGETED_DEVICE_FAMILY = "1,2";
				TEST_HOST = "$(BUILT_PRODUCTS_DIR)/CoreDataTut.app/CoreDataTut";
			};
			name = Release;
		};
/* End XCBuildConfiguration section */

/* Begin XCConfigurationList section */
		2BFF7E2E2503AAC900F03B6C /* Build configuration list for PBXProject "CoreDataTut" */ = {
			isa = XCConfigurationList;
			buildConfigurations = (
				2BFF7E482503AACA00F03B6C /* Debug */,
				2BFF7E492503AACA00F03B6C /* Release */,
			);
			defaultConfigurationIsVisible = 0;
			defaultConfigurationName = Release;
		};
		2BFF7E4A2503AACA00F03B6C /* Build configuration list for PBXNativeTarget "CoreDataTut" */ = {
			isa = XCConfigurationList;
			buildConfigurations = (
				2BFF7E4B2503AACA00F03B6C /* Debug */,
				2BFF7E4C2503AACA00F03B6C /* Release */,
			);
			defaultConfigurationIsVisible = 0;
			defaultConfigurationName = Release;
		};
		2BFF7E5C2503BBB700F03B6C /* Build configuration list for PBXNativeTarget "PersistenceCoordinatorTests" */ = {
			isa = XCConfigurationList;
			buildConfigurations = (
				2BFF7E5D2503BBB700F03B6C /* Debug */,
				2BFF7E5E2503BBB700F03B6C /* Release */,
			);
			defaultConfigurationIsVisible = 0;
			defaultConfigurationName = Release;
		};
/* End XCConfigurationList section */

/* Begin XCVersionGroup section */
		2BFF7E3F2503AAC900F03B6C /* CoreDataTut.xcdatamodeld */ = {
			isa = XCVersionGroup;
			children = (
				2BFF7E402503AAC900F03B6C /* CoreDataTut.xcdatamodel */,
			);
			currentVersion = 2BFF7E402503AAC900F03B6C /* CoreDataTut.xcdatamodel */;
			path = CoreDataTut.xcdatamodeld;
			sourceTree = "<group>";
			versionGroupType = wrapper.xcdatamodel;
		};
/* End XCVersionGroup section */
	};
	rootObject = 2BFF7E2B2503AAC900F03B6C /* Project object */;
}
